[[package]]
name = 'roku-deeplink'
source = '/code/jacob/roku-deeplink-spec'
version = '1.6.1'
commit = 'e46f28b00577e0ce5f02f208cc45309f989775e9'
spec_hash = 'sha256:ca64cdfce864ec65f58d24dd20320e25f0cf6050ce8d164ee2b3cc0d3ff86b74'
language = 'python'
path = 'app/core'
generated_commit = 'e46f28b00577e0ce5f02f208cc45309f989775e9'
generated_at = '2026-08-15T20:23:30Z'
generator = 'claude-code'
fixture_status = 'pass'
test_command = 'uv run pytest tests/test_roku_deeplink_fixtures.py'
generated_hash = 'sha256:9c0ab630ec8046d6d6b18e8659e9913287d67064b3b7840ff0c4b0bb2ffde4b7'
