[[package]]
name = 'roku-deeplink'
source = '/code/jacob/roku-deeplink-spec'
version = '1.6.0'
commit = '07e6b46280ab1b76015769e455c7adadb32ee552'
spec_hash = 'sha256:b2cee7c189d18377984e04e83b07ffcea8780800d521e6e17ef2ba325dd17bba'
language = 'python'
path = 'app/core'
generated_commit = '07e6b46280ab1b76015769e455c7adadb32ee552'
generated_at = '2026-08-15T19:26:55Z'
generator = 'claude-code'
fixture_status = 'pass'
test_command = 'uv run pytest tests/test_roku_deeplink_fixtures.py'
generated_hash = 'sha256:69f2fd87f38f2523f73c00808119fa7b66d2153c17f9bd4144775c166d6c6cd3'
