[[package]]
name = 'roku-deeplink'
source = '/code/jacob/roku-deeplink-spec'
version = '1.3.0'
commit = '9751a281320e966fd7e0de0d35f231858af3f970'
spec_hash = 'sha256:404e305281cfa33f74b09e00652c67c9f4b0183458c9d32b51e7805b3ec4d9c0'
language = 'python'
path = 'app/core'
generated_commit = '9751a281320e966fd7e0de0d35f231858af3f970'
generated_at = '2026-07-19T06:47:40Z'
generator = 'claude-code'
fixture_status = 'skip'
test_command = 'uv run pytest tests/test_roku_deeplink_fixtures.py'
selections = 'language: python; tracks: live streaming.py (match_url_full) + search_and_play.py (launch_on_roku); channels: Netflix, Disney+, HBO Max, Prime Video, Hulu, Apple TV+; excludes: Emby (no self-hosted server)'
generated_hash = 'sha256:f5018f17ef6386a5f1c0f34d01fde07489bd0cafd407e22c627190e1a745bdef'
